// !$*UTF8*$!
{
	archiveVersion = 1;
	classes = {
	};
	objectVersion = 56;
	objects = {

/* Begin PBXBuildFile section */
		CE5841362ABC7E23009C1C95 /* AppDelegate.swift in Sources */ = {isa = PBXBuildFile; fileRef = CE5841352ABC7E23009C1C95 /* AppDelegate.swift */; };
		CE5841382ABC7E23009C1C95 /* SceneDelegate.swift in Sources */ = {isa = PBXBuildFile; fileRef = CE5841372ABC7E23009C1C95 /* SceneDelegate.swift */; };
		CE58413A2ABC7E23009C1C95 /* ViewController.swift in Sources */ = {isa = PBXBuildFile; fileRef = CE5841392ABC7E23009C1C95 /* ViewController.swift */; };
		CE58413D2ABC7E23009C1C95 /* Main.storyboard in Resources */ = {isa = PBXBuildFile; fileRef = CE58413B2ABC7E23009C1C95 /* Main.storyboard */; };
		CE58413F2ABC7E25009C1C95 /* Assets.xcassets in Resources */ = {isa = PBXBuildFile; fileRef = CE58413E2ABC7E25009C1C95 /* Assets.xcassets */; };
		CE5841422ABC7E25009C1C95 /* LaunchScreen.storyboard in Resources */ = {isa = PBXBuildFile; fileRef = CE5841402ABC7E25009C1C95 /* LaunchScreen.storyboard */; };
		CE58414E2ABC817E009C1C95 /* DemoViewController.swift in Sources */ = {isa = PBXBuildFile; fileRef = CE58414D2ABC817E009C1C95 /* DemoViewController.swift */; };
		CE5841502ABC81C9009C1C95 /* DemoViewController.storyboard in Resources */ = {isa = PBXBuildFile; fileRef = CE58414F2ABC81C9009C1C95 /* DemoViewController.storyboard */; };
		CE5841542ABC8637009C1C95 /* LoginViewController.swift in Sources */ = {isa = PBXBuildFile; fileRef = CE5841532ABC8637009C1C95 /* LoginViewController.swift */; };
		CE5841562ABC866B009C1C95 /* LoginViewController.storyboard in Resources */ = {isa = PBXBuildFile; fileRef = CE5841552ABC866B009C1C95 /* LoginViewController.storyboard */; };
		CE5841592ABC8942009C1C95 /* TermsViewController.swift in Sources */ = {isa = PBXBuildFile; fileRef = CE5841582ABC8942009C1C95 /* TermsViewController.swift */; };
		CE58415B2ABC8966009C1C95 /* TermsViewController.storyboard in Resources */ = {isa = PBXBuildFile; fileRef = CE58415A2ABC8966009C1C95 /* TermsViewController.storyboard */; };
		CE58415E2ABC8AB4009C1C95 /* WellViewController.swift in Sources */ = {isa = PBXBuildFile; fileRef = CE58415D2ABC8AB4009C1C95 /* WellViewController.swift */; };
		CE5841602ABC8ADE009C1C95 /* WellViewController.storyboard in Resources */ = {isa = PBXBuildFile; fileRef = CE58415F2ABC8ADE009C1C95 /* WellViewController.storyboard */; };
/* End PBXBuildFile section */

/* Begin PBXFileReference section */
		CE5841322ABC7E23009C1C95 /* app1.app */ = {isa = PBXFileReference; explicitFileType = wrapper.application; includeInIndex = 0; path = app1.app; sourceTree = BUILT_PRODUCTS_DIR; };
		CE5841352ABC7E23009C1C95 /* AppDelegate.swift */ = {isa = PBXFileReference; lastKnownFileType = sourcecode.swift; path = AppDelegate.swift; sourceTree = "<group>"; };
		CE5841372ABC7E23009C1C95 /* SceneDelegate.swift */ = {isa = PBXFileReference; lastKnownFileType = sourcecode.swift; path = SceneDelegate.swift; sourceTree = "<group>"; };
		CE5841392ABC7E23009C1C95 /* ViewController.swift */ = {isa = PBXFileReference; lastKnownFileType = sourcecode.swift; path = ViewController.swift; sourceTree = "<group>"; };
		CE58413C2ABC7E23009C1C95 /* Base */ = {isa = PBXFileReference; lastKnownFileType = file.storyboard; name = Base; path = Base.lproj/Main.storyboard; sourceTree = "<group>"; };
		CE58413E2ABC7E25009C1C95 /* Assets.xcassets */ = {isa = PBXFileReference; lastKnownFileType = folder.assetcatalog; path = Assets.xcassets; sourceTree = "<group>"; };
		CE5841412ABC7E25009C1C95 /* Base */ = {isa = PBXFileReference; lastKnownFileType = file.storyboard; name = Base; path = Base.lproj/LaunchScreen.storyboard; sourceTree = "<group>"; };
		CE5841432ABC7E25009C1C95 /* Info.plist */ = {isa = PBXFileReference; lastKnownFileType = text.plist.xml; path = Info.plist; sourceTree = "<group>"; };
		CE58414D2ABC817E009C1C95 /* DemoViewController.swift */ = {isa = PBXFileReference; lastKnownFileType = sourcecode.swift; path = DemoViewController.swift; sourceTree = "<group>"; };
		CE58414F2ABC81C9009C1C95 /* DemoViewController.storyboard */ = {isa = PBXFileReference; lastKnownFileType = file.storyboard; path = DemoViewController.storyboard; sourceTree = "<group>"; };
		CE5841532ABC8637009C1C95 /* LoginViewController.swift */ = {isa = PBXFileReference; lastKnownFileType = sourcecode.swift; path = LoginViewController.swift; sourceTree = "<group>"; };
		CE5841552ABC866B009C1C95 /* LoginViewController.storyboard */ = {isa = PBXFileReference; lastKnownFileType = file.storyboard; path = LoginViewController.storyboard; sourceTree = "<group>"; };
		CE5841582ABC8942009C1C95 /* TermsViewController.swift */ = {isa = PBXFileReference; lastKnownFileType = sourcecode.swift; path = TermsViewController.swift; sourceTree = "<group>"; };
		CE58415A2ABC8966009C1C95 /* TermsViewController.storyboard */ = {isa = PBXFileReference; lastKnownFileType = file.storyboard; path = TermsViewController.storyboard; sourceTree = "<group>"; };
		CE58415D2ABC8AB4009C1C95 /* WellViewController.swift */ = {isa = PBXFileReference; lastKnownFileType = sourcecode.swift; path = WellViewController.swift; sourceTree = "<group>"; };
		CE58415F2ABC8ADE009C1C95 /* WellViewController.storyboard */ = {isa = PBXFileReference; lastKnownFileType = file.storyboard; path = WellViewController.storyboard; sourceTree = "<group>"; };
/* End PBXFileReference section */

/* Begin PBXFrameworksBuildPhase section */
		CE58412F2ABC7E23009C1C95 /* Frameworks */ = {
			isa = PBXFrameworksBuildPhase;
			buildActionMask = 2147483647;
			files = (
			);
			runOnlyForDeploymentPostprocessing = 0;
		};
/* End PBXFrameworksBuildPhase section */

/* Begin PBXGroup section */
		CE5841292ABC7E23009C1C95 = {
			isa = PBXGroup;
			children = (
				CE5841342ABC7E23009C1C95 /* app1 */,
				CE5841332ABC7E23009C1C95 /* Products */,
			);
			sourceTree = "<group>";
		};
		CE5841332ABC7E23009C1C95 /* Products */ = {
			isa = PBXGroup;
			children = (
				CE5841322ABC7E23009C1C95 /* app1.app */,
			);
			name = Products;
			sourceTree = "<group>";
		};
		CE5841342ABC7E23009C1C95 /* app1 */ = {
			isa = PBXGroup;
			children = (
				CE58414B2ABC7F1E009C1C95 /* Main */,
				CE58414C2ABC8154009C1C95 /* Demo */,
				CE5841512ABC833A009C1C95 /* Resources */,
				CE5841492ABC7E3D009C1C95 /* Ablication */,
			);
			path = app1;
			sourceTree = "<group>";
		};
		CE5841492ABC7E3D009C1C95 /* Ablication */ = {
			isa = PBXGroup;
			children = (
				CE5841372ABC7E23009C1C95 /* SceneDelegate.swift */,
				CE5841352ABC7E23009C1C95 /* AppDelegate.swift */,
			);
			path = Ablication;
			sourceTree = "<group>";
		};
		CE58414B2ABC7F1E009C1C95 /* Main */ = {
			isa = PBXGroup;
			children = (
				CE5841392ABC7E23009C1C95 /* ViewController.swift */,
				CE58413B2ABC7E23009C1C95 /* Main.storyboard */,
				CE5841522ABC85FB009C1C95 /* Login */,
			);
			path = Main;
			sourceTree = "<group>";
		};
		CE58414C2ABC8154009C1C95 /* Demo */ = {
			isa = PBXGroup;
			children = (
				CE58414D2ABC817E009C1C95 /* DemoViewController.swift */,
				CE58414F2ABC81C9009C1C95 /* DemoViewController.storyboard */,
			);
			path = Demo;
			sourceTree = "<group>";
		};
		CE5841512ABC833A009C1C95 /* Resources */ = {
			isa = PBXGroup;
			children = (
				CE5841402ABC7E25009C1C95 /* LaunchScreen.storyboard */,
				CE5841432ABC7E25009C1C95 /* Info.plist */,
				CE58413E2ABC7E25009C1C95 /* Assets.xcassets */,
			);
			path = Resources;
			sourceTree = "<group>";
		};
		CE5841522ABC85FB009C1C95 /* Login */ = {
			isa = PBXGroup;
			children = (
				CE5841532ABC8637009C1C95 /* LoginViewController.swift */,
				CE5841552ABC866B009C1C95 /* LoginViewController.storyboard */,
				CE5841572ABC890B009C1C95 /* Terms */,
			);
			path = Login;
			sourceTree = "<group>";
		};
		CE5841572ABC890B009C1C95 /* Terms */ = {
			isa = PBXGroup;
			children = (
				CE5841582ABC8942009C1C95 /* TermsViewController.swift */,
				CE58415A2ABC8966009C1C95 /* TermsViewController.storyboard */,
				CE58415C2ABC8A89009C1C95 /* VeryWell */,
			);
			path = Terms;
			sourceTree = "<group>";
		};
		CE58415C2ABC8A89009C1C95 /* VeryWell */ = {
			isa = PBXGroup;
			children = (
				CE58415D2ABC8AB4009C1C95 /* WellViewController.swift */,
				CE58415F2ABC8ADE009C1C95 /* WellViewController.storyboard */,
			);
			path = VeryWell;
			sourceTree = "<group>";
		};
/* End PBXGroup section */

/* Begin PBXNativeTarget section */
		CE5841312ABC7E23009C1C95 /* app1 */ = {
			isa = PBXNativeTarget;
			buildConfigurationList = CE5841462ABC7E25009C1C95 /* Build configuration list for PBXNativeTarget "app1" */;
			buildPhases = (
				CE58412E2ABC7E23009C1C95 /* Sources */,
				CE58412F2ABC7E23009C1C95 /* Frameworks */,
				CE5841302ABC7E23009C1C95 /* Resources */,
			);
			buildRules = (
			);
			dependencies = (
			);
			name = app1;
			productName = app1;
			productReference = CE5841322ABC7E23009C1C95 /* app1.app */;
			productType = "com.apple.product-type.application";
		};
/* End PBXNativeTarget section */

/* Begin PBXProject section */
		CE58412A2ABC7E23009C1C95 /* Project object */ = {
			isa = PBXProject;
			attributes = {
				BuildIndependentTargetsInParallel = 1;
				LastSwiftUpdateCheck = 1430;
				LastUpgradeCheck = 1430;
				TargetAttributes = {
					CE5841312ABC7E23009C1C95 = {
						CreatedOnToolsVersion = 14.3.1;
					};
				};
			};
			buildConfigurationList = CE58412D2ABC7E23009C1C95 /* Build configuration list for PBXProject "app1" */;
			compatibilityVersion = "Xcode 14.0";
			developmentRegion = en;
			hasScannedForEncodings = 0;
			knownRegions = (
				en,
				Base,
			);
			mainGroup = CE5841292ABC7E23009C1C95;
			productRefGroup = CE5841332ABC7E23009C1C95 /* Products */;
			projectDirPath = "";
			projectRoot = "";
			targets = (
				CE5841312ABC7E23009C1C95 /* app1 */,
			);
		};
/* End PBXProject section */

/* Begin PBXResourcesBuildPhase section */
		CE5841302ABC7E23009C1C95 /* Resources */ = {
			isa = PBXResourcesBuildPhase;
			buildActionMask = 2147483647;
			files = (
				CE5841602ABC8ADE009C1C95 /* WellViewController.storyboard in Resources */,
				CE5841502ABC81C9009C1C95 /* DemoViewController.storyboard in Resources */,
				CE5841422ABC7E25009C1C95 /* LaunchScreen.storyboard in Resources */,
				CE5841562ABC866B009C1C95 /* LoginViewController.storyboard in Resources */,
				CE58413F2ABC7E25009C1C95 /* Assets.xcassets in Resources */,
				CE58413D2ABC7E23009C1C95 /* Main.storyboard in Resources */,
				CE58415B2ABC8966009C1C95 /* TermsViewController.storyboard in Resources */,
			);
			runOnlyForDeploymentPostprocessing = 0;
		};
/* End PBXResourcesBuildPhase section */

/* Begin PBXSourcesBuildPhase section */
		CE58412E2ABC7E23009C1C95 /* Sources */ = {
			isa = PBXSourcesBuildPhase;
			buildActionMask = 2147483647;
			files = (
				CE58413A2ABC7E23009C1C95 /* ViewController.swift in Sources */,
				CE58415E2ABC8AB4009C1C95 /* WellViewController.swift in Sources */,
				CE5841362ABC7E23009C1C95 /* AppDelegate.swift in Sources */,
				CE5841382ABC7E23009C1C95 /* SceneDelegate.swift in Sources */,
				CE5841542ABC8637009C1C95 /* LoginViewController.swift in Sources */,
				CE5841592ABC8942009C1C95 /* TermsViewController.swift in Sources */,
				CE58414E2ABC817E009C1C95 /* DemoViewController.swift in Sources */,
			);
			runOnlyForDeploymentPostprocessing = 0;
		};
/* End PBXSourcesBuildPhase section */

/* Begin PBXVariantGroup section */
		CE58413B2ABC7E23009C1C95 /* Main.storyboard */ = {
			isa = PBXVariantGroup;
			children = (
				CE58413C2ABC7E23009C1C95 /* Base */,
			);
			name = Main.storyboard;
			sourceTree = "<group>";
		};
		CE5841402ABC7E25009C1C95 /* LaunchScreen.storyboard */ = {
			isa = PBXVariantGroup;
			children = (
				CE5841412ABC7E25009C1C95 /* Base */,
			);
			name = LaunchScreen.storyboard;
			sourceTree = "<group>";
		};
/* End PBXVariantGroup section */

/* Begin XCBuildConfiguration section */
		CE5841442ABC7E25009C1C95 /* Debug */ = {
			isa = XCBuildConfiguration;
			buildSettings = {
				ALWAYS_SEARCH_USER_PATHS = NO;
				CLANG_ANALYZER_NONNULL = YES;
				CLANG_ANALYZER_NUMBER_OBJECT_CONVERSION = YES_AGGRESSIVE;
				CLANG_CXX_LANGUAGE_STANDARD = "gnu++20";
				CLANG_ENABLE_MODULES = YES;
				CLANG_ENABLE_OBJC_ARC = YES;
				CLANG_ENABLE_OBJC_WEAK = YES;
				CLANG_WARN_BLOCK_CAPTURE_AUTORELEASING = YES;
				CLANG_WARN_BOOL_CONVERSION = YES;
				CLANG_WARN_COMMA = YES;
				CLANG_WARN_CONSTANT_CONVERSION = YES;
				CLANG_WARN_DEPRECATED_OBJC_IMPLEMENTATIONS = YES;
				CLANG_WARN_DIRECT_OBJC_ISA_USAGE = YES_ERROR;
				CLANG_WARN_DOCUMENTATION_COMMENTS = YES;
				CLANG_WARN_EMPTY_BODY = YES;
				CLANG_WARN_ENUM_CONVERSION = YES;
				CLANG_WARN_INFINITE_RECURSION = YES;
				CLANG_WARN_INT_CONVERSION = YES;
				CLANG_WARN_NON_LITERAL_NULL_CONVERSION = YES;
				CLANG_WARN_OBJC_IMPLICIT_RETAIN_SELF = YES;
				CLANG_WARN_OBJC_LITERAL_CONVERSION = YES;
				CLANG_WARN_OBJC_ROOT_CLASS = YES_ERROR;
				CLANG_WARN_QUOTED_INCLUDE_IN_FRAMEWORK_HEADER = YES;
				CLANG_WARN_RANGE_LOOP_ANALYSIS = YES;
				CLANG_WARN_STRICT_PROTOTYPES = YES;
				CLANG_WARN_SUSPICIOUS_MOVE = YES;
				CLANG_WARN_UNGUARDED_AVAILABILITY = YES_AGGRESSIVE;
				CLANG_WARN_UNREACHABLE_CODE = YES;
				CLANG_WARN__DUPLICATE_METHOD_MATCH = YES;
				COPY_PHASE_STRIP = NO;
				DEBUG_INFORMATION_FORMAT = dwarf;
				ENABLE_STRICT_OBJC_MSGSEND = YES;
				ENABLE_TESTABILITY = YES;
				GCC_C_LANGUAGE_STANDARD = gnu11;
				GCC_DYNAMIC_NO_PIC = NO;
				GCC_NO_COMMON_BLOCKS = YES;
				GCC_OPTIMIZATION_LEVEL = 0;
				GCC_PREPROCESSOR_DEFINITIONS = (
					"DEBUG=1",
					"$(inherited)",
				);
				GCC_WARN_64_TO_32_BIT_CONVERSION = YES;
				GCC_WARN_ABOUT_RETURN_TYPE = YES_ERROR;
				GCC_WARN_UNDECLARED_SELECTOR = YES;
				GCC_WARN_UNINITIALIZED_AUTOS = YES_AGGRESSIVE;
				GCC_WARN_UNUSED_FUNCTION = YES;
				GCC_WARN_UNUSED_VARIABLE = YES;
				IPHONEOS_DEPLOYMENT_TARGET = 16.4;
				MTL_ENABLE_DEBUG_INFO = INCLUDE_SOURCE;
				MTL_FAST_MATH = YES;
				ONLY_ACTIVE_ARCH = YES;
				SDKROOT = iphoneos;
				SWIFT_ACTIVE_COMPILATION_CONDITIONS = DEBUG;
				SWIFT_OPTIMIZATION_LEVEL = "-Onone";
			};
			name = Debug;
		};
		CE5841452ABC7E25009C1C95 /* Release */ = {
			isa = XCBuildConfiguration;
			buildSettings = {
				ALWAYS_SEARCH_USER_PATHS = NO;
				CLANG_ANALYZER_NONNULL = YES;
				CLANG_ANALYZER_NUMBER_OBJECT_CONVERSION = YES_AGGRESSIVE;
				CLANG_CXX_LANGUAGE_STANDARD = "gnu++20";
				CLANG_ENABLE_MODULES = YES;
				CLANG_ENABLE_OBJC_ARC = YES;
				CLANG_ENABLE_OBJC_WEAK = YES;
				CLANG_WARN_BLOCK_CAPTURE_AUTORELEASING = YES;
				CLANG_WARN_BOOL_CONVERSION = YES;
				CLANG_WARN_COMMA = YES;
				CLANG_WARN_CONSTANT_CONVERSION = YES;
				CLANG_WARN_DEPRECATED_OBJC_IMPLEMENTATIONS = YES;
				CLANG_WARN_DIRECT_OBJC_ISA_USAGE = YES_ERROR;
				CLANG_WARN_DOCUMENTATION_COMMENTS = YES;
				CLANG_WARN_EMPTY_BODY = YES;
				CLANG_WARN_ENUM_CONVERSION = YES;
				CLANG_WARN_INFINITE_RECURSION = YES;
				CLANG_WARN_INT_CONVERSION = YES;
				CLANG_WARN_NON_LITERAL_NULL_CONVERSION = YES;
				CLANG_WARN_OBJC_IMPLICIT_RETAIN_SELF = YES;
				CLANG_WARN_OBJC_LITERAL_CONVERSION = YES;
				CLANG_WARN_OBJC_ROOT_CLASS = YES_ERROR;
				CLANG_WARN_QUOTED_INCLUDE_IN_FRAMEWORK_HEADER = YES;
				CLANG_WARN_RANGE_LOOP_ANALYSIS = YES;
				CLANG_WARN_STRICT_PROTOTYPES = YES;
				CLANG_WARN_SUSPICIOUS_MOVE = YES;
				CLANG_WARN_UNGUARDED_AVAILABILITY = YES_AGGRESSIVE;
				CLANG_WARN_UNREACHABLE_CODE = YES;
				CLANG_WARN__DUPLICATE_METHOD_MATCH = YES;
				COPY_PHASE_STRIP = NO;
				DEBUG_INFORMATION_FORMAT = "dwarf-with-dsym";
				ENABLE_NS_ASSERTIONS = NO;
				ENABLE_STRICT_OBJC_MSGSEND = YES;
				GCC_C_LANGUAGE_STANDARD = gnu11;
				GCC_NO_COMMON_BLOCKS = YES;
				GCC_WARN_64_TO_32_BIT_CONVERSION = YES;
				GCC_WARN_ABOUT_RETURN_TYPE = YES_ERROR;
				GCC_WARN_UNDECLARED_SELECTOR = YES;
				GCC_WARN_UNINITIALIZED_AUTOS = YES_AGGRESSIVE;
				GCC_WARN_UNUSED_FUNCTION = YES;
				GCC_WARN_UNUSED_VARIABLE = YES;
				IPHONEOS_DEPLOYMENT_TARGET = 16.4;
				MTL_ENABLE_DEBUG_INFO = NO;
				MTL_FAST_MATH = YES;
				SDKROOT = iphoneos;
				SWIFT_COMPILATION_MODE = wholemodule;
				SWIFT_OPTIMIZATION_LEVEL = "-O";
				VALIDATE_PRODUCT = YES;
			};
			name = Release;
		};
		CE5841472ABC7E25009C1C95 /* Debug */ = {
			isa = XCBuildConfiguration;
			buildSettings = {
				ASSETCATALOG_COMPILER_APPICON_NAME = AppIcon;
				ASSETCATALOG_COMPILER_GLOBAL_ACCENT_COLOR_NAME = AccentColor;
				CODE_SIGN_STYLE = Automatic;
				CURRENT_PROJECT_VERSION = 1;
				GENERATE_INFOPLIST_FILE = YES;
				INFOPLIST_FILE = app1/Resources/Info.plist;
				INFOPLIST_KEY_UIApplicationSupportsIndirectInputEvents = YES;
				INFOPLIST_KEY_UILaunchStoryboardName = LaunchScreen;
				INFOPLIST_KEY_UIMainStoryboardFile = Main;
				INFOPLIST_KEY_UISupportedInterfaceOrientations_iPad = "UIInterfaceOrientationPortrait UIInterfaceOrientationPortraitUpsideDown UIInterfaceOrientationLandscapeLeft UIInterfaceOrientationLandscapeRight";
				INFOPLIST_KEY_UISupportedInterfaceOrientations_iPhone = "UIInterfaceOrientationPortrait UIInterfaceOrientationLandscapeLeft UIInterfaceOrientationLandscapeRight";
				LD_RUNPATH_SEARCH_PATHS = (
					"$(inherited)",
					"@executable_path/Frameworks",
				);
				MARKETING_VERSION = 1.0;
				PRODUCT_BUNDLE_IDENTIFIER = com.syimyk.app1;
				PRODUCT_NAME = "$(TARGET_NAME)";
				SWIFT_EMIT_LOC_STRINGS = YES;
				SWIFT_VERSION = 5.0;
				TARGETED_DEVICE_FAMILY = "1,2";
			};
			name = Debug;
		};
		CE5841482ABC7E25009C1C95 /* Release */ = {
			isa = XCBuildConfiguration;
			buildSettings = {
				ASSETCATALOG_COMPILER_APPICON_NAME = AppIcon;
				ASSETCATALOG_COMPILER_GLOBAL_ACCENT_COLOR_NAME = AccentColor;
				CODE_SIGN_STYLE = Automatic;
				CURRENT_PROJECT_VERSION = 1;
				GENERATE_INFOPLIST_FILE = YES;
				INFOPLIST_FILE = app1/Resources/Info.plist;
				INFOPLIST_KEY_UIApplicationSupportsIndirectInputEvents = YES;
				INFOPLIST_KEY_UILaunchStoryboardName = LaunchScreen;
				INFOPLIST_KEY_UIMainStoryboardFile = Main;
				INFOPLIST_KEY_UISupportedInterfaceOrientations_iPad = "UIInterfaceOrientationPortrait UIInterfaceOrientationPortraitUpsideDown UIInterfaceOrientationLandscapeLeft UIInterfaceOrientationLandscapeRight";
				INFOPLIST_KEY_UISupportedInterfaceOrientations_iPhone = "UIInterfaceOrientationPortrait UIInterfaceOrientationLandscapeLeft UIInterfaceOrientationLandscapeRight";
				LD_RUNPATH_SEARCH_PATHS = (
					"$(inherited)",
					"@executable_path/Frameworks",
				);
				MARKETING_VERSION = 1.0;
				PRODUCT_BUNDLE_IDENTIFIER = com.syimyk.app1;
				PRODUCT_NAME = "$(TARGET_NAME)";
				SWIFT_EMIT_LOC_STRINGS = YES;
				SWIFT_VERSION = 5.0;
				TARGETED_DEVICE_FAMILY = "1,2";
			};
			name = Release;
		};
/* End XCBuildConfiguration section */

/* Begin XCConfigurationList section */
		CE58412D2ABC7E23009C1C95 /* Build configuration list for PBXProject "app1" */ = {
			isa = XCConfigurationList;
			buildConfigurations = (
				CE5841442ABC7E25009C1C95 /* Debug */,
				CE5841452ABC7E25009C1C95 /* Release */,
			);
			defaultConfigurationIsVisible = 0;
			defaultConfigurationName = Release;
		};
		CE5841462ABC7E25009C1C95 /* Build configuration list for PBXNativeTarget "app1" */ = {
			isa = XCConfigurationList;
			buildConfigurations = (
				CE5841472ABC7E25009C1C95 /* Debug */,
				CE5841482ABC7E25009C1C95 /* Release */,
			);
			defaultConfigurationIsVisible = 0;
			defaultConfigurationName = Release;
		};
/* End XCConfigurationList section */
	};
	rootObject = CE58412A2ABC7E23009C1C95 /* Project object */;
}
